
Microsoft Visual Studio Solution File, Format Version 12.00
# Visual Studio Version 16
VisualStudioVersion = 16.0.30717.126
MinimumVisualStudioVersion = 10.0.40219.1
Project("{9A19103F-16F7-4668-BE54-9A1E7A4F7556}") = "Buhgaltery", "Buhgaltery\Buhgaltery.csproj", "{8904A4DB-D669-450B-B52E-3D6F059321F3}"
EndProject
Project("{9A19103F-16F7-4668-BE54-9A1E7A4F7556}") = "Deployer", "Deployer\Deployer.csproj", "{27E7032D-8DDA-452B-BDB4-BAFC2CA83F5B}"
EndProject
Project("{9A19103F-16F7-4668-BE54-9A1E7A4F7556}") = "Buhgaltery.Common", "Common\Buhgaltery.Common.csproj", "{F0F40F5B-61B4-439D-A3C4-435563D9AEA1}"
EndProject
Project("{9A19103F-16F7-4668-BE54-9A1E7A4F7556}") = "Buhgaltery.Desktop", "Buhgaltery.Desktop\Buhgaltery.Desktop.csproj", "{3464B5EF-8A1B-4711-919D-B582C005CC03}"
EndProject
Project("{9A19103F-16F7-4668-BE54-9A1E7A4F7556}") = "Buhgaltery.DbClient", "Buhgaltery.DbClient\Buhgaltery.DbClient.csproj", "{7C3480B4-F3EF-4562-8FA0-7A8B3C46A102}"
EndProject
Project("{9A19103F-16F7-4668-BE54-9A1E7A4F7556}") = "Buhgaltery.Db", "Buhgaltery.Db\Buhgaltery.Db.csproj", "{283F6186-660C-4066-B9D9-FE018DF790D9}"
EndProject
Project("{9A19103F-16F7-4668-BE54-9A1E7A4F7556}") = "Buhgaltery.Contract", "Buhgaltery.Contract\Buhgaltery.Contract.csproj", "{8B41CAC7-F623-4C56-A318-9BE4CEC57892}"
EndProject
Project("{9A19103F-16F7-4668-BE54-9A1E7A4F7556}") = "Buhgaltery.ClientHttpClient", "Buhgaltery.ClientHttpClient\Buhgaltery.ClientHttpClient.csproj", "{6ED77A3A-0DE7-4B28-89CA-FCCD8648ADDE}"
EndProject
Project("{9A19103F-16F7-4668-BE54-9A1E7A4F7556}") = "Buhgaltery.Services", "Buhgaltery.Services\Buhgaltery.Services.csproj", "{E122A488-9064-4BE6-8608-B4177EEF80E4}"
EndProject
Project("{9A19103F-16F7-4668-BE54-9A1E7A4F7556}") = "Buhgaltery.Desktop.UnitTests", "Buhgaltery.Desktop.UnitTests\Buhgaltery.Desktop.UnitTests.csproj", "{A8409CBF-9ECA-455B-AB08-FF4C8FEF49B2}"
EndProject
Project("{9A19103F-16F7-4668-BE54-9A1E7A4F7556}") = "Buhgaltery.Desktop.Services", "Buhgaltery.Desktop.Services\Buhgaltery.Desktop.Services.csproj", "{69D40BBC-FE98-4828-AA64-95A7BDF57E34}"
EndProject
Global
	GlobalSection(SolutionConfigurationPlatforms) = preSolution
		Debug|Any CPU = Debug|Any CPU
		Release|Any CPU = Release|Any CPU
	EndGlobalSection
	GlobalSection(ProjectConfigurationPlatforms) = postSolution
		{8904A4DB-D669-450B-B52E-3D6F059321F3}.Debug|Any CPU.ActiveCfg = Debug|Any CPU
		{8904A4DB-D669-450B-B52E-3D6F059321F3}.Debug|Any CPU.Build.0 = Debug|Any CPU
		{8904A4DB-D669-450B-B52E-3D6F059321F3}.Release|Any CPU.ActiveCfg = Release|Any CPU
		{8904A4DB-D669-450B-B52E-3D6F059321F3}.Release|Any CPU.Build.0 = Release|Any CPU
		{27E7032D-8DDA-452B-BDB4-BAFC2CA83F5B}.Debug|Any CPU.ActiveCfg = Debug|Any CPU
		{27E7032D-8DDA-452B-BDB4-BAFC2CA83F5B}.Debug|Any CPU.Build.0 = Debug|Any CPU
		{27E7032D-8DDA-452B-BDB4-BAFC2CA83F5B}.Release|Any CPU.ActiveCfg = Release|Any CPU
		{27E7032D-8DDA-452B-BDB4-BAFC2CA83F5B}.Release|Any CPU.Build.0 = Release|Any CPU
		{F0F40F5B-61B4-439D-A3C4-435563D9AEA1}.Debug|Any CPU.ActiveCfg = Debug|Any CPU
		{F0F40F5B-61B4-439D-A3C4-435563D9AEA1}.Debug|Any CPU.Build.0 = Debug|Any CPU
		{F0F40F5B-61B4-439D-A3C4-435563D9AEA1}.Release|Any CPU.ActiveCfg = Release|Any CPU
		{F0F40F5B-61B4-439D-A3C4-435563D9AEA1}.Release|Any CPU.Build.0 = Release|Any CPU
		{3464B5EF-8A1B-4711-919D-B582C005CC03}.Debug|Any CPU.ActiveCfg = Debug|Any CPU
		{3464B5EF-8A1B-4711-919D-B582C005CC03}.Debug|Any CPU.Build.0 = Debug|Any CPU
		{3464B5EF-8A1B-4711-919D-B582C005CC03}.Release|Any CPU.ActiveCfg = Release|Any CPU
		{3464B5EF-8A1B-4711-919D-B582C005CC03}.Release|Any CPU.Build.0 = Release|Any CPU
		{7C3480B4-F3EF-4562-8FA0-7A8B3C46A102}.Debug|Any CPU.ActiveCfg = Debug|Any CPU
		{7C3480B4-F3EF-4562-8FA0-7A8B3C46A102}.Debug|Any CPU.Build.0 = Debug|Any CPU
		{7C3480B4-F3EF-4562-8FA0-7A8B3C46A102}.Release|Any CPU.ActiveCfg = Release|Any CPU
		{7C3480B4-F3EF-4562-8FA0-7A8B3C46A102}.Release|Any CPU.Build.0 = Release|Any CPU
		{283F6186-660C-4066-B9D9-FE018DF790D9}.Debug|Any CPU.ActiveCfg = Debug|Any CPU
		{283F6186-660C-4066-B9D9-FE018DF790D9}.Debug|Any CPU.Build.0 = Debug|Any CPU
		{283F6186-660C-4066-B9D9-FE018DF790D9}.Release|Any CPU.ActiveCfg = Release|Any CPU
		{283F6186-660C-4066-B9D9-FE018DF790D9}.Release|Any CPU.Build.0 = Release|Any CPU
		{8B41CAC7-F623-4C56-A318-9BE4CEC57892}.Debug|Any CPU.ActiveCfg = Debug|Any CPU
		{8B41CAC7-F623-4C56-A318-9BE4CEC57892}.Debug|Any CPU.Build.0 = Debug|Any CPU
		{8B41CAC7-F623-4C56-A318-9BE4CEC57892}.Release|Any CPU.ActiveCfg = Release|Any CPU
		{8B41CAC7-F623-4C56-A318-9BE4CEC57892}.Release|Any CPU.Build.0 = Release|Any CPU
		{6ED77A3A-0DE7-4B28-89CA-FCCD8648ADDE}.Debug|Any CPU.ActiveCfg = Debug|Any CPU
		{6ED77A3A-0DE7-4B28-89CA-FCCD8648ADDE}.Debug|Any CPU.Build.0 = Debug|Any CPU
		{6ED77A3A-0DE7-4B28-89CA-FCCD8648ADDE}.Release|Any CPU.ActiveCfg = Release|Any CPU
		{6ED77A3A-0DE7-4B28-89CA-FCCD8648ADDE}.Release|Any CPU.Build.0 = Release|Any CPU
		{E122A488-9064-4BE6-8608-B4177EEF80E4}.Debug|Any CPU.ActiveCfg = Debug|Any CPU
		{E122A488-9064-4BE6-8608-B4177EEF80E4}.Debug|Any CPU.Build.0 = Debug|Any CPU
		{E122A488-9064-4BE6-8608-B4177EEF80E4}.Release|Any CPU.ActiveCfg = Release|Any CPU
		{E122A488-9064-4BE6-8608-B4177EEF80E4}.Release|Any CPU.Build.0 = Release|Any CPU
		{A8409CBF-9ECA-455B-AB08-FF4C8FEF49B2}.Debug|Any CPU.ActiveCfg = Debug|Any CPU
		{A8409CBF-9ECA-455B-AB08-FF4C8FEF49B2}.Debug|Any CPU.Build.0 = Debug|Any CPU
		{A8409CBF-9ECA-455B-AB08-FF4C8FEF49B2}.Release|Any CPU.ActiveCfg = Release|Any CPU
		{A8409CBF-9ECA-455B-AB08-FF4C8FEF49B2}.Release|Any CPU.Build.0 = Release|Any CPU
		{69D40BBC-FE98-4828-AA64-95A7BDF57E34}.Debug|Any CPU.ActiveCfg = Debug|Any CPU
		{69D40BBC-FE98-4828-AA64-95A7BDF57E34}.Debug|Any CPU.Build.0 = Debug|Any CPU
		{69D40BBC-FE98-4828-AA64-95A7BDF57E34}.Release|Any CPU.ActiveCfg = Release|Any CPU
		{69D40BBC-FE98-4828-AA64-95A7BDF57E34}.Release|Any CPU.Build.0 = Release|Any CPU
	EndGlobalSection
	GlobalSection(SolutionProperties) = preSolution
		HideSolutionNode = FALSE
	EndGlobalSection
	GlobalSection(ExtensibilityGlobals) = postSolution
		SolutionGuid = {E4E7C0DB-8338-4A6D-8C8F-92566F36E11E}
	EndGlobalSection
EndGlobal
